{
  "version": 1,
  "dependencies": {
    "net8.0": {
      "System.IO.Hashing": {
        "type": "Direct",
        "requested": "[8.0.0, )",
        "resolved": "8.0.0",
        "contentHash": "ne1843evDugl0md7Fjzy6QjJrzsjh46ZKbhf8GwBXb5f/gw97J4bxMs0NQKifDuThh/f0bZ0e62NPl1jzTuRqA=="
      },
      "TreeSitter.DotNet": {
        "type": "Direct",
        "requested": "[1.3.0, )",
        "resolved": "1.3.0",
        "contentHash": "VFl5j5UguKI3BvdQ/bbHDrDP1FG7lkEjv9LZCQ01bPe4NuAiXQVnEfuFRWdJ8TA9NmY/D7qqGkj8CuD3ptiDDw=="
      }
    }
  }
}